// !$*UTF8*$!
{
	archiveVersion = 1;
	classes = {
	};
	objectVersion = 48;
	objects = {

/* Begin PBXBuildFile section */
		0805B25820388BE800916CD4 /* UITableView+Extensions.swift in Sources */ = {isa = PBXBuildFile; fileRef = 0805B25720388BE800916CD4 /* UITableView+Extensions.swift */; };
		0805B25A20389DED00916CD4 /* Observable+Operators.swift in Sources */ = {isa = PBXBuildFile; fileRef = 0805B25920389DED00916CD4 /* Observable+Operators.swift */; };
		083C321B203C6EE4005AD1F5 /* DistanceControlView.swift in Sources */ = {isa = PBXBuildFile; fileRef = 083C321A203C6EE4005AD1F5 /* DistanceControlView.swift */; };
		083C321D203C6F1D005AD1F5 /* DistanceControlView.xib in Resources */ = {isa = PBXBuildFile; fileRef = 083C321C203C6F1D005AD1F5 /* DistanceControlView.xib */; };
		083C321F203C7A94005AD1F5 /* ConversionControlCollectionViewCell.swift in Sources */ = {isa = PBXBuildFile; fileRef = 083C321E203C7A94005AD1F5 /* ConversionControlCollectionViewCell.swift */; };
		083C3221203C7C7D005AD1F5 /* DistanceControlCollectionViewCell.swift in Sources */ = {isa = PBXBuildFile; fileRef = 083C3220203C7C7D005AD1F5 /* DistanceControlCollectionViewCell.swift */; };
		083C3223203D5501005AD1F5 /* Theme.swift in Sources */ = {isa = PBXBuildFile; fileRef = 083C3222203D5501005AD1F5 /* Theme.swift */; };
		083C3225203D689C005AD1F5 /* ThemeLabel.swift in Sources */ = {isa = PBXBuildFile; fileRef = 083C3224203D689C005AD1F5 /* ThemeLabel.swift */; };
		083C3227203D7DD6005AD1F5 /* ConversionControlLabel.swift in Sources */ = {isa = PBXBuildFile; fileRef = 083C3226203D7DD6005AD1F5 /* ConversionControlLabel.swift */; };
		083C3229203D88F9005AD1F5 /* ThemeView.swift in Sources */ = {isa = PBXBuildFile; fileRef = 083C3228203D88F9005AD1F5 /* ThemeView.swift */; };
		083C322D203DC5D3005AD1F5 /* ThemeGradientView.swift in Sources */ = {isa = PBXBuildFile; fileRef = 083C322C203DC5D3005AD1F5 /* ThemeGradientView.swift */; };
		083C323E203ED37D005AD1F5 /* AddControlView.swift in Sources */ = {isa = PBXBuildFile; fileRef = 083C323C203ED37C005AD1F5 /* AddControlView.swift */; };
		083C323F203ED37D005AD1F5 /* AddControlView.xib in Resources */ = {isa = PBXBuildFile; fileRef = 083C323D203ED37C005AD1F5 /* AddControlView.xib */; };
		083C3241203EE0F9005AD1F5 /* KitAssets.xcassets in Resources */ = {isa = PBXBuildFile; fileRef = 083C3240203EE0F9005AD1F5 /* KitAssets.xcassets */; };
		0860EC8D2031ED6800358F2A /* PickerViewAdapter.swift in Sources */ = {isa = PBXBuildFile; fileRef = 0860EC8C2031ED6800358F2A /* PickerViewAdapter.swift */; };
		087EFAD620398FA5005B7385 /* PaceControlCollectionViewCell.swift in Sources */ = {isa = PBXBuildFile; fileRef = 087EFAD520398FA5005B7385 /* PaceControlCollectionViewCell.swift */; };
		087EFAD82039D19D005B7385 /* ConversionControl.swift in Sources */ = {isa = PBXBuildFile; fileRef = 087EFAD72039D19D005B7385 /* ConversionControl.swift */; };
		087EFAE9203B10B3005B7385 /* PacesCollectionViewAdapter.swift in Sources */ = {isa = PBXBuildFile; fileRef = 087EFAE7203B0666005B7385 /* PacesCollectionViewAdapter.swift */; };
		08C694FD203F248D005A96CA /* PaceInputView.swift in Sources */ = {isa = PBXBuildFile; fileRef = 08C694FC203F248D005A96CA /* PaceInputView.swift */; };
		08CAB6B1202F2C5800C7FF41 /* GradientView.swift in Sources */ = {isa = PBXBuildFile; fileRef = 08CAB6B0202F2C5800C7FF41 /* GradientView.swift */; };
		08CAB6B3202F2F1E00C7FF41 /* AutoLayoutUtils.swift in Sources */ = {isa = PBXBuildFile; fileRef = 08CAB6B2202F2F1D00C7FF41 /* AutoLayoutUtils.swift */; };
		08CAB6B5202F376300C7FF41 /* PaceControlView.swift in Sources */ = {isa = PBXBuildFile; fileRef = 08CAB6B4202F376300C7FF41 /* PaceControlView.swift */; };
		08CAB6C6202F3A4D00C7FF41 /* PaceControlView.xib in Resources */ = {isa = PBXBuildFile; fileRef = 08CAB6C5202F3A4D00C7FF41 /* PaceControlView.xib */; };
		08CAB6C8202F4CB300C7FF41 /* Extensions.swift in Sources */ = {isa = PBXBuildFile; fileRef = 08CAB6C7202F4CB300C7FF41 /* Extensions.swift */; };
		08CAB6CD202F929900C7FF41 /* PaceControlViewModel.swift in Sources */ = {isa = PBXBuildFile; fileRef = 08CAB6CC202F929900C7FF41 /* PaceControlViewModel.swift */; };
		08CAB6CF202F92BC00C7FF41 /* Pace.swift in Sources */ = {isa = PBXBuildFile; fileRef = 08CAB6CE202F92BC00C7FF41 /* Pace.swift */; };
		08CAB6D42030668300C7FF41 /* PaceTests.swift in Sources */ = {isa = PBXBuildFile; fileRef = 08CAB6D32030668300C7FF41 /* PaceTests.swift */; };
		08E64B29202DD3B900A59F41 /* AppDelegate.swift in Sources */ = {isa = PBXBuildFile; fileRef = 08E64B28202DD3B900A59F41 /* AppDelegate.swift */; };
		08E64B2B202DD3B900A59F41 /* ViewController.swift in Sources */ = {isa = PBXBuildFile; fileRef = 08E64B2A202DD3B900A59F41 /* ViewController.swift */; };
		08E64B2E202DD3B900A59F41 /* Main.storyboard in Resources */ = {isa = PBXBuildFile; fileRef = 08E64B2C202DD3B900A59F41 /* Main.storyboard */; };
		08E64B30202DD3B900A59F41 /* Assets.xcassets in Resources */ = {isa = PBXBuildFile; fileRef = 08E64B2F202DD3B900A59F41 /* Assets.xcassets */; };
		08E64B33202DD3B900A59F41 /* LaunchScreen.storyboard in Resources */ = {isa = PBXBuildFile; fileRef = 08E64B31202DD3B900A59F41 /* LaunchScreen.storyboard */; };
		08E64B3E202DD3B900A59F41 /* PacesTests.swift in Sources */ = {isa = PBXBuildFile; fileRef = 08E64B3D202DD3B900A59F41 /* PacesTests.swift */; };
		08E64B71202DD82F00A59F41 /* PacesKit.framework in Frameworks */ = {isa = PBXBuildFile; fileRef = 08E64B68202DD82E00A59F41 /* PacesKit.framework */; };
		08E64B78202DD82F00A59F41 /* PacesKitTests.swift in Sources */ = {isa = PBXBuildFile; fileRef = 08E64B77202DD82F00A59F41 /* PacesKitTests.swift */; };
		08E64B7A202DD82F00A59F41 /* PacesKit.h in Headers */ = {isa = PBXBuildFile; fileRef = 08E64B6A202DD82F00A59F41 /* PacesKit.h */; settings = {ATTRIBUTES = (Public, ); }; };
		08E64B7D202DD82F00A59F41 /* PacesKit.framework in Frameworks */ = {isa = PBXBuildFile; fileRef = 08E64B68202DD82E00A59F41 /* PacesKit.framework */; };
		08E64B7E202DD82F00A59F41 /* PacesKit.framework in Embed Frameworks */ = {isa = PBXBuildFile; fileRef = 08E64B68202DD82E00A59F41 /* PacesKit.framework */; settings = {ATTRIBUTES = (CodeSignOnCopy, RemoveHeadersOnCopy, ); }; };
		08E64B87202DD86E00A59F41 /* Environment.swift in Sources */ = {isa = PBXBuildFile; fileRef = 08E64B86202DD86E00A59F41 /* Environment.swift */; };
		08E64B89202DD9CC00A59F41 /* KeyValueStoreType.swift in Sources */ = {isa = PBXBuildFile; fileRef = 08E64B88202DD9CC00A59F41 /* KeyValueStoreType.swift */; };
		08E64B8B202DE06400A59F41 /* AppEnvironment.swift in Sources */ = {isa = PBXBuildFile; fileRef = 08E64B8A202DE06400A59F41 /* AppEnvironment.swift */; };
		08E64B8D202DEDC500A59F41 /* AppEnvironmentTests.swift in Sources */ = {isa = PBXBuildFile; fileRef = 08E64B8C202DEDC500A59F41 /* AppEnvironmentTests.swift */; };
		08E64B90202DFFB500A59F41 /* AppFlowController.swift in Sources */ = {isa = PBXBuildFile; fileRef = 08E64B8F202DFFB500A59F41 /* AppFlowController.swift */; };
		08E64B93202EFA4100A59F41 /* AppDelegateViewModel.swift in Sources */ = {isa = PBXBuildFile; fileRef = 08E64B92202EFA4100A59F41 /* AppDelegateViewModel.swift */; };
		08E64B95202F115200A59F41 /* AppFlowViewModel.swift in Sources */ = {isa = PBXBuildFile; fileRef = 08E64B94202F115200A59F41 /* AppFlowViewModel.swift */; };
		08E64B97202F1A9F00A59F41 /* MainFlowController.swift in Sources */ = {isa = PBXBuildFile; fileRef = 08E64B96202F1A9F00A59F41 /* MainFlowController.swift */; };
		08E64B99202F224B00A59F41 /* Navigation.swift in Sources */ = {isa = PBXBuildFile; fileRef = 08E64B98202F224A00A59F41 /* Navigation.swift */; };
		08E64B9C202F266900A59F41 /* PacesViewController.swift in Sources */ = {isa = PBXBuildFile; fileRef = 08E64B9B202F266900A59F41 /* PacesViewController.swift */; };
		08E64B9E202F297600A59F41 /* PacesViewModel.swift in Sources */ = {isa = PBXBuildFile; fileRef = 08E64B9D202F297600A59F41 /* PacesViewModel.swift */; };
		08F81B73203097B6008C346A /* PaceControlViewModelTests.swift in Sources */ = {isa = PBXBuildFile; fileRef = 08F81B72203097B6008C346A /* PaceControlViewModelTests.swift */; };
		0C47E90A62D3CBA410713ED0 /* Pods_Paces.framework in Frameworks */ = {isa = PBXBuildFile; fileRef = BC09D143B537961A85321211 /* Pods_Paces.framework */; };
		4685430A1B886E3DEC73BED3 /* Pods_PacesKit.framework in Frameworks */ = {isa = PBXBuildFile; fileRef = 81C9957795BB657245FD2BD0 /* Pods_PacesKit.framework */; };
		57507DD765C42307B9037744 /* Pods_PacesKitTests.framework in Frameworks */ = {isa = PBXBuildFile; fileRef = F5006EC2BBC20C0E2E2C3D4C /* Pods_PacesKitTests.framework */; };
		E39DA8F1CDE4598D06384E4E /* Pods_PacesTests.framework in Frameworks */ = {isa = PBXBuildFile; fileRef = BF5A82F7DBACF9FD253E12E0 /* Pods_PacesTests.framework */; };
/* End PBXBuildFile section */

/* Begin PBXContainerItemProxy section */
		08E64B3A202DD3B900A59F41 /* PBXContainerItemProxy */ = {
			isa = PBXContainerItemProxy;
			containerPortal = 08E64B1D202DD3B900A59F41 /* Project object */;
			proxyType = 1;
			remoteGlobalIDString = 08E64B24202DD3B900A59F41;
			remoteInfo = Paces;
		};
		08E64B72202DD82F00A59F41 /* PBXContainerItemProxy */ = {
			isa = PBXContainerItemProxy;
			containerPortal = 08E64B1D202DD3B900A59F41 /* Project object */;
			proxyType = 1;
			remoteGlobalIDString = 08E64B67202DD82E00A59F41;
			remoteInfo = PacesKit;
		};
		08E64B74202DD82F00A59F41 /* PBXContainerItemProxy */ = {
			isa = PBXContainerItemProxy;
			containerPortal = 08E64B1D202DD3B900A59F41 /* Project object */;
			proxyType = 1;
			remoteGlobalIDString = 08E64B24202DD3B900A59F41;
			remoteInfo = Paces;
		};
		08E64B7B202DD82F00A59F41 /* PBXContainerItemProxy */ = {
			isa = PBXContainerItemProxy;
			containerPortal = 08E64B1D202DD3B900A59F41 /* Project object */;
			proxyType = 1;
			remoteGlobalIDString = 08E64B67202DD82E00A59F41;
			remoteInfo = PacesKit;
		};
/* End PBXContainerItemProxy section */

/* Begin PBXCopyFilesBuildPhase section */
		08E64B82202DD83000A59F41 /* Embed Frameworks */ = {
			isa = PBXCopyFilesBuildPhase;
			buildActionMask = 2147483647;
			dstPath = "";
			dstSubfolderSpec = 10;
			files = (
				08E64B7E202DD82F00A59F41 /* PacesKit.framework in Embed Frameworks */,
			);
			name = "Embed Frameworks";
			runOnlyForDeploymentPostprocessing = 0;
		};
/* End PBXCopyFilesBuildPhase section */

/* Begin PBXFileReference section */
		0805B25720388BE800916CD4 /* UITableView+Extensions.swift */ = {isa = PBXFileReference; lastKnownFileType = sourcecode.swift; path = "UITableView+Extensions.swift"; sourceTree = "<group>"; };
		0805B25920389DED00916CD4 /* Observable+Operators.swift */ = {isa = PBXFileReference; lastKnownFileType = sourcecode.swift; path = "Observable+Operators.swift"; sourceTree = "<group>"; };
		083C321A203C6EE4005AD1F5 /* DistanceControlView.swift */ = {isa = PBXFileReference; lastKnownFileType = sourcecode.swift; path = DistanceControlView.swift; sourceTree = "<group>"; };
		083C321C203C6F1D005AD1F5 /* DistanceControlView.xib */ = {isa = PBXFileReference; lastKnownFileType = file.xib; path = DistanceControlView.xib; sourceTree = "<group>"; };
		083C321E203C7A94005AD1F5 /* ConversionControlCollectionViewCell.swift */ = {isa = PBXFileReference; lastKnownFileType = sourcecode.swift; path = ConversionControlCollectionViewCell.swift; sourceTree = "<group>"; };
		083C3220203C7C7D005AD1F5 /* DistanceControlCollectionViewCell.swift */ = {isa = PBXFileReference; lastKnownFileType = sourcecode.swift; path = DistanceControlCollectionViewCell.swift; sourceTree = "<group>"; };
		083C3222203D5501005AD1F5 /* Theme.swift */ = {isa = PBXFileReference; lastKnownFileType = sourcecode.swift; path = Theme.swift; sourceTree = "<group>"; };
		083C3224203D689C005AD1F5 /* ThemeLabel.swift */ = {isa = PBXFileReference; lastKnownFileType = sourcecode.swift; path = ThemeLabel.swift; sourceTree = "<group>"; };
		083C3226203D7DD6005AD1F5 /* ConversionControlLabel.swift */ = {isa = PBXFileReference; lastKnownFileType = sourcecode.swift; path = ConversionControlLabel.swift; sourceTree = "<group>"; };
		083C3228203D88F9005AD1F5 /* ThemeView.swift */ = {isa = PBXFileReference; lastKnownFileType = sourcecode.swift; path = ThemeView.swift; sourceTree = "<group>"; };
		083C322C203DC5D3005AD1F5 /* ThemeGradientView.swift */ = {isa = PBXFileReference; lastKnownFileType = sourcecode.swift; path = ThemeGradientView.swift; sourceTree = "<group>"; };
		083C323C203ED37C005AD1F5 /* AddControlView.swift */ = {isa = PBXFileReference; lastKnownFileType = sourcecode.swift; path = AddControlView.swift; sourceTree = "<group>"; };
		083C323D203ED37C005AD1F5 /* AddControlView.xib */ = {isa = PBXFileReference; lastKnownFileType = file.xib; path = AddControlView.xib; sourceTree = "<group>"; };
		083C3240203EE0F9005AD1F5 /* KitAssets.xcassets */ = {isa = PBXFileReference; lastKnownFileType = folder.assetcatalog; path = KitAssets.xcassets; sourceTree = "<group>"; };
		0860EC8C2031ED6800358F2A /* PickerViewAdapter.swift */ = {isa = PBXFileReference; lastKnownFileType = sourcecode.swift; path = PickerViewAdapter.swift; sourceTree = "<group>"; };
		087EFAD520398FA5005B7385 /* PaceControlCollectionViewCell.swift */ = {isa = PBXFileReference; lastKnownFileType = sourcecode.swift; path = PaceControlCollectionViewCell.swift; sourceTree = "<group>"; };
		087EFAD72039D19D005B7385 /* ConversionControl.swift */ = {isa = PBXFileReference; lastKnownFileType = sourcecode.swift; path = ConversionControl.swift; sourceTree = "<group>"; };
		087EFAE7203B0666005B7385 /* PacesCollectionViewAdapter.swift */ = {isa = PBXFileReference; lastKnownFileType = sourcecode.swift; path = PacesCollectionViewAdapter.swift; sourceTree = "<group>"; };
		08C694FC203F248D005A96CA /* PaceInputView.swift */ = {isa = PBXFileReference; lastKnownFileType = sourcecode.swift; path = PaceInputView.swift; sourceTree = "<group>"; };
		08CAB6B0202F2C5800C7FF41 /* GradientView.swift */ = {isa = PBXFileReference; lastKnownFileType = sourcecode.swift; path = GradientView.swift; sourceTree = "<group>"; };
		08CAB6B2202F2F1D00C7FF41 /* AutoLayoutUtils.swift */ = {isa = PBXFileReference; fileEncoding = 4; lastKnownFileType = sourcecode.swift; path = AutoLayoutUtils.swift; sourceTree = "<group>"; };
		08CAB6B4202F376300C7FF41 /* PaceControlView.swift */ = {isa = PBXFileReference; lastKnownFileType = sourcecode.swift; path = PaceControlView.swift; sourceTree = "<group>"; };
		08CAB6C5202F3A4D00C7FF41 /* PaceControlView.xib */ = {isa = PBXFileReference; lastKnownFileType = file.xib; path = PaceControlView.xib; sourceTree = "<group>"; };
		08CAB6C7202F4CB300C7FF41 /* Extensions.swift */ = {isa = PBXFileReference; lastKnownFileType = sourcecode.swift; path = Extensions.swift; sourceTree = "<group>"; };
		08CAB6CC202F929900C7FF41 /* PaceControlViewModel.swift */ = {isa = PBXFileReference; lastKnownFileType = sourcecode.swift; path = PaceControlViewModel.swift; sourceTree = "<group>"; };
		08CAB6CE202F92BC00C7FF41 /* Pace.swift */ = {isa = PBXFileReference; lastKnownFileType = sourcecode.swift; path = Pace.swift; sourceTree = "<group>"; };
		08CAB6D32030668300C7FF41 /* PaceTests.swift */ = {isa = PBXFileReference; lastKnownFileType = sourcecode.swift; path = PaceTests.swift; sourceTree = "<group>"; };
		08E64B25202DD3B900A59F41 /* Paces.app */ = {isa = PBXFileReference; explicitFileType = wrapper.application; includeInIndex = 0; path = Paces.app; sourceTree = BUILT_PRODUCTS_DIR; };
		08E64B28202DD3B900A59F41 /* AppDelegate.swift */ = {isa = PBXFileReference; lastKnownFileType = sourcecode.swift; path = AppDelegate.swift; sourceTree = "<group>"; };
		08E64B2A202DD3B900A59F41 /* ViewController.swift */ = {isa = PBXFileReference; lastKnownFileType = sourcecode.swift; path = ViewController.swift; sourceTree = "<group>"; };
		08E64B2D202DD3B900A59F41 /* Base */ = {isa = PBXFileReference; lastKnownFileType = file.storyboard; name = Base; path = Base.lproj/Main.storyboard; sourceTree = "<group>"; };
		08E64B2F202DD3B900A59F41 /* Assets.xcassets */ = {isa = PBXFileReference; lastKnownFileType = folder.assetcatalog; path = Assets.xcassets; sourceTree = "<group>"; };
		08E64B32202DD3B900A59F41 /* Base */ = {isa = PBXFileReference; lastKnownFileType = file.storyboard; name = Base; path = Base.lproj/LaunchScreen.storyboard; sourceTree = "<group>"; };
		08E64B34202DD3B900A59F41 /* Info.plist */ = {isa = PBXFileReference; lastKnownFileType = text.plist.xml; path = Info.plist; sourceTree = "<group>"; };
		08E64B39202DD3B900A59F41 /* PacesTests.xctest */ = {isa = PBXFileReference; explicitFileType = wrapper.cfbundle; includeInIndex = 0; path = PacesTests.xctest; sourceTree = BUILT_PRODUCTS_DIR; };
		08E64B3D202DD3B900A59F41 /* PacesTests.swift */ = {isa = PBXFileReference; lastKnownFileType = sourcecode.swift; path = PacesTests.swift; sourceTree = "<group>"; };
		08E64B3F202DD3B900A59F41 /* Info.plist */ = {isa = PBXFileReference; lastKnownFileType = text.plist.xml; path = Info.plist; sourceTree = "<group>"; };
		08E64B68202DD82E00A59F41 /* PacesKit.framework */ = {isa = PBXFileReference; explicitFileType = wrapper.framework; includeInIndex = 0; path = PacesKit.framework; sourceTree = BUILT_PRODUCTS_DIR; };
		08E64B6A202DD82F00A59F41 /* PacesKit.h */ = {isa = PBXFileReference; lastKnownFileType = sourcecode.c.h; path = PacesKit.h; sourceTree = "<group>"; };
		08E64B6B202DD82F00A59F41 /* Info.plist */ = {isa = PBXFileReference; lastKnownFileType = text.plist.xml; path = Info.plist; sourceTree = "<group>"; };
		08E64B70202DD82F00A59F41 /* PacesKitTests.xctest */ = {isa = PBXFileReference; explicitFileType = wrapper.cfbundle; includeInIndex = 0; path = PacesKitTests.xctest; sourceTree = BUILT_PRODUCTS_DIR; };
		08E64B77202DD82F00A59F41 /* PacesKitTests.swift */ = {isa = PBXFileReference; lastKnownFileType = sourcecode.swift; path = PacesKitTests.swift; sourceTree = "<group>"; };
		08E64B79202DD82F00A59F41 /* Info.plist */ = {isa = PBXFileReference; lastKnownFileType = text.plist.xml; path = Info.plist; sourceTree = "<group>"; };
		08E64B86202DD86E00A59F41 /* Environment.swift */ = {isa = PBXFileReference; lastKnownFileType = sourcecode.swift; path = Environment.swift; sourceTree = "<group>"; };
		08E64B88202DD9CC00A59F41 /* KeyValueStoreType.swift */ = {isa = PBXFileReference; lastKnownFileType = sourcecode.swift; path = KeyValueStoreType.swift; sourceTree = "<group>"; };
		08E64B8A202DE06400A59F41 /* AppEnvironment.swift */ = {isa = PBXFileReference; lastKnownFileType = sourcecode.swift; path = AppEnvironment.swift; sourceTree = "<group>"; };
		08E64B8C202DEDC500A59F41 /* AppEnvironmentTests.swift */ = {isa = PBXFileReference; lastKnownFileType = sourcecode.swift; path = AppEnvironmentTests.swift; sourceTree = "<group>"; };
		08E64B8F202DFFB500A59F41 /* AppFlowController.swift */ = {isa = PBXFileReference; lastKnownFileType = sourcecode.swift; path = AppFlowController.swift; sourceTree = "<group>"; };
		08E64B92202EFA4100A59F41 /* AppDelegateViewModel.swift */ = {isa = PBXFileReference; lastKnownFileType = sourcecode.swift; path = AppDelegateViewModel.swift; sourceTree = "<group>"; };
		08E64B94202F115200A59F41 /* AppFlowViewModel.swift */ = {isa = PBXFileReference; lastKnownFileType = sourcecode.swift; path = AppFlowViewModel.swift; sourceTree = "<group>"; };
		08E64B96202F1A9F00A59F41 /* MainFlowController.swift */ = {isa = PBXFileReference; lastKnownFileType = sourcecode.swift; path = MainFlowController.swift; sourceTree = "<group>"; };
		08E64B98202F224A00A59F41 /* Navigation.swift */ = {isa = PBXFileReference; lastKnownFileType = sourcecode.swift; path = Navigation.swift; sourceTree = "<group>"; };
		08E64B9B202F266900A59F41 /* PacesViewController.swift */ = {isa = PBXFileReference; lastKnownFileType = sourcecode.swift; path = PacesViewController.swift; sourceTree = "<group>"; };
		08E64B9D202F297600A59F41 /* PacesViewModel.swift */ = {isa = PBXFileReference; lastKnownFileType = sourcecode.swift; path = PacesViewModel.swift; sourceTree = "<group>"; };
		08F81B72203097B6008C346A /* PaceControlViewModelTests.swift */ = {isa = PBXFileReference; lastKnownFileType = sourcecode.swift; path = PaceControlViewModelTests.swift; sourceTree = "<group>"; };
		119460154047C98E38AE5449 /* Pods-PacesKitTests.release.xcconfig */ = {isa = PBXFileReference; includeInIndex = 1; lastKnownFileType = text.xcconfig; name = "Pods-PacesKitTests.release.xcconfig"; path = "Pods/Target Support Files/Pods-PacesKitTests/Pods-PacesKitTests.release.xcconfig"; sourceTree = "<group>"; };
		220AFA9DE64D32EF2E2BD0A2 /* Pods-PacesKitTests.debug.xcconfig */ = {isa = PBXFileReference; includeInIndex = 1; lastKnownFileType = text.xcconfig; name = "Pods-PacesKitTests.debug.xcconfig"; path = "Pods/Target Support Files/Pods-PacesKitTests/Pods-PacesKitTests.debug.xcconfig"; sourceTree = "<group>"; };
		8094585C65415FB1C24B599C /* Pods-PacesTests.release.xcconfig */ = {isa = PBXFileReference; includeInIndex = 1; lastKnownFileType = text.xcconfig; name = "Pods-PacesTests.release.xcconfig"; path = "Pods/Target Support Files/Pods-PacesTests/Pods-PacesTests.release.xcconfig"; sourceTree = "<group>"; };
		81C9957795BB657245FD2BD0 /* Pods_PacesKit.framework */ = {isa = PBXFileReference; explicitFileType = wrapper.framework; includeInIndex = 0; path = Pods_PacesKit.framework; sourceTree = BUILT_PRODUCTS_DIR; };
		86C1D187B22F2A33287B1C48 /* Pods-PacesKit.release.xcconfig */ = {isa = PBXFileReference; includeInIndex = 1; lastKnownFileType = text.xcconfig; name = "Pods-PacesKit.release.xcconfig"; path = "Pods/Target Support Files/Pods-PacesKit/Pods-PacesKit.release.xcconfig"; sourceTree = "<group>"; };
		9A82F58CC5E90B23C2C4C874 /* Pods-PacesTests.debug.xcconfig */ = {isa = PBXFileReference; includeInIndex = 1; lastKnownFileType = text.xcconfig; name = "Pods-PacesTests.debug.xcconfig"; path = "Pods/Target Support Files/Pods-PacesTests/Pods-PacesTests.debug.xcconfig"; sourceTree = "<group>"; };
		BC09D143B537961A85321211 /* Pods_Paces.framework */ = {isa = PBXFileReference; explicitFileType = wrapper.framework; includeInIndex = 0; path = Pods_Paces.framework; sourceTree = BUILT_PRODUCTS_DIR; };
		BF5A82F7DBACF9FD253E12E0 /* Pods_PacesTests.framework */ = {isa = PBXFileReference; explicitFileType = wrapper.framework; includeInIndex = 0; path = Pods_PacesTests.framework; sourceTree = BUILT_PRODUCTS_DIR; };
		E65DA83FC8259AD1EB9DA607 /* Pods-PacesKit.debug.xcconfig */ = {isa = PBXFileReference; includeInIndex = 1; lastKnownFileType = text.xcconfig; name = "Pods-PacesKit.debug.xcconfig"; path = "Pods/Target Support Files/Pods-PacesKit/Pods-PacesKit.debug.xcconfig"; sourceTree = "<group>"; };
		F2D3A9D03A64F97F6FF9E668 /* Pods-Paces.debug.xcconfig */ = {isa = PBXFileReference; includeInIndex = 1; lastKnownFileType = text.xcconfig; name = "Pods-Paces.debug.xcconfig"; path = "Pods/Target Support Files/Pods-Paces/Pods-Paces.debug.xcconfig"; sourceTree = "<group>"; };
		F37EEEA3BDF37ACB615B899E /* Pods-Paces.release.xcconfig */ = {isa = PBXFileReference; includeInIndex = 1; lastKnownFileType = text.xcconfig; name = "Pods-Paces.release.xcconfig"; path = "Pods/Target Support Files/Pods-Paces/Pods-Paces.release.xcconfig"; sourceTree = "<group>"; };
		F5006EC2BBC20C0E2E2C3D4C /* Pods_PacesKitTests.framework */ = {isa = PBXFileReference; explicitFileType = wrapper.framework; includeInIndex = 0; path = Pods_PacesKitTests.framework; sourceTree = BUILT_PRODUCTS_DIR; };
/* End PBXFileReference section */

/* Begin PBXFrameworksBuildPhase section */
		08E64B22202DD3B900A59F41 /* Frameworks */ = {
			isa = PBXFrameworksBuildPhase;
			buildActionMask = 2147483647;
			files = (
				08E64B7D202DD82F00A59F41 /* PacesKit.framework in Frameworks */,
				0C47E90A62D3CBA410713ED0 /* Pods_Paces.framework in Frameworks */,
			);
			runOnlyForDeploymentPostprocessing = 0;
		};
		08E64B36202DD3B900A59F41 /* Frameworks */ = {
			isa = PBXFrameworksBuildPhase;
			buildActionMask = 2147483647;
			files = (
				E39DA8F1CDE4598D06384E4E /* Pods_PacesTests.framework in Frameworks */,
			);
			runOnlyForDeploymentPostprocessing = 0;
		};
		08E64B64202DD82E00A59F41 /* Frameworks */ = {
			isa = PBXFrameworksBuildPhase;
			buildActionMask = 2147483647;
			files = (
				4685430A1B886E3DEC73BED3 /* Pods_PacesKit.framework in Frameworks */,
			);
			runOnlyForDeploymentPostprocessing = 0;
		};
		08E64B6D202DD82F00A59F41 /* Frameworks */ = {
			isa = PBXFrameworksBuildPhase;
			buildActionMask = 2147483647;
			files = (
				08E64B71202DD82F00A59F41 /* PacesKit.framework in Frameworks */,
				57507DD765C42307B9037744 /* Pods_PacesKitTests.framework in Frameworks */,
			);
			runOnlyForDeploymentPostprocessing = 0;
		};
/* End PBXFrameworksBuildPhase section */

/* Begin PBXGroup section */
		0805B25B2039614D00916CD4 /* Rx Extensions */ = {
			isa = PBXGroup;
			children = (
				0805B25920389DED00916CD4 /* Observable+Operators.swift */,
				0805B25720388BE800916CD4 /* UITableView+Extensions.swift */,
			);
			path = "Rx Extensions";
			sourceTree = "<group>";
		};
		08CAB6B6202F377100C7FF41 /* Views */ = {
			isa = PBXGroup;
			children = (
				083C3224203D689C005AD1F5 /* ThemeLabel.swift */,
				083C3226203D7DD6005AD1F5 /* ConversionControlLabel.swift */,
				083C3228203D88F9005AD1F5 /* ThemeView.swift */,
				083C322C203DC5D3005AD1F5 /* ThemeGradientView.swift */,
				08CAB6B0202F2C5800C7FF41 /* GradientView.swift */,
				08CAB6B4202F376300C7FF41 /* PaceControlView.swift */,
				08CAB6C5202F3A4D00C7FF41 /* PaceControlView.xib */,
				087EFAD520398FA5005B7385 /* PaceControlCollectionViewCell.swift */,
				083C321A203C6EE4005AD1F5 /* DistanceControlView.swift */,
				083C321C203C6F1D005AD1F5 /* DistanceControlView.xib */,
				083C321E203C7A94005AD1F5 /* ConversionControlCollectionViewCell.swift */,
				083C3220203C7C7D005AD1F5 /* DistanceControlCollectionViewCell.swift */,
				083C323C203ED37C005AD1F5 /* AddControlView.swift */,
				083C323D203ED37C005AD1F5 /* AddControlView.xib */,
				08C694FC203F248D005A96CA /* PaceInputView.swift */,
			);
			path = Views;
			sourceTree = "<group>";
		};
		08CAB6CB202F926700C7FF41 /* ViewModels */ = {
			isa = PBXGroup;
			children = (
				08CAB6CC202F929900C7FF41 /* PaceControlViewModel.swift */,
			);
			path = ViewModels;
			sourceTree = "<group>";
		};
		08CAB6D0202F92C200C7FF41 /* Model */ = {
			isa = PBXGroup;
			children = (
				08CAB6CE202F92BC00C7FF41 /* Pace.swift */,
				087EFAD72039D19D005B7385 /* ConversionControl.swift */,
			);
			path = Model;
			sourceTree = "<group>";
		};
		08E64B1C202DD3B900A59F41 = {
			isa = PBXGroup;
			children = (
				08E64B27202DD3B900A59F41 /* Paces */,
				08E64B3C202DD3B900A59F41 /* PacesTests */,
				08E64B69202DD82F00A59F41 /* PacesKit */,
				08E64B76202DD82F00A59F41 /* PacesKitTests */,
				08E64B26202DD3B900A59F41 /* Products */,
				4E0CE232E29C91E0D81AC67D /* Pods */,
				5168F72B2E16D1B32402862F /* Frameworks */,
			);
			sourceTree = "<group>";
		};
		08E64B26202DD3B900A59F41 /* Products */ = {
			isa = PBXGroup;
			children = (
				08E64B25202DD3B900A59F41 /* Paces.app */,
				08E64B39202DD3B900A59F41 /* PacesTests.xctest */,
				08E64B68202DD82E00A59F41 /* PacesKit.framework */,
				08E64B70202DD82F00A59F41 /* PacesKitTests.xctest */,
			);
			name = Products;
			sourceTree = "<group>";
		};
		08E64B27202DD3B900A59F41 /* Paces */ = {
			isa = PBXGroup;
			children = (
				08E64B28202DD3B900A59F41 /* AppDelegate.swift */,
				08E64B8E202DFF7F00A59F41 /* FlowControllers */,
				08E64B9A202F239300A59F41 /* ViewControllers */,
				08E64B91202EFA2000A59F41 /* ViewModels */,
				087EFAE7203B0666005B7385 /* PacesCollectionViewAdapter.swift */,
				08E64B2A202DD3B900A59F41 /* ViewController.swift */,
				08E64B2C202DD3B900A59F41 /* Main.storyboard */,
				08E64B2F202DD3B900A59F41 /* Assets.xcassets */,
				08E64B31202DD3B900A59F41 /* LaunchScreen.storyboard */,
				08E64B34202DD3B900A59F41 /* Info.plist */,
			);
			path = Paces;
			sourceTree = "<group>";
		};
		08E64B3C202DD3B900A59F41 /* PacesTests */ = {
			isa = PBXGroup;
			children = (
				08E64B3D202DD3B900A59F41 /* PacesTests.swift */,
				08E64B3F202DD3B900A59F41 /* Info.plist */,
			);
			path = PacesTests;
			sourceTree = "<group>";
		};
		08E64B69202DD82F00A59F41 /* PacesKit */ = {
			isa = PBXGroup;
			children = (
				08E64B6A202DD82F00A59F41 /* PacesKit.h */,
				08E64B6B202DD82F00A59F41 /* Info.plist */,
				083C3240203EE0F9005AD1F5 /* KitAssets.xcassets */,
				083C3222203D5501005AD1F5 /* Theme.swift */,
				08E64B8A202DE06400A59F41 /* AppEnvironment.swift */,
				08E64B86202DD86E00A59F41 /* Environment.swift */,
				08CAB6B2202F2F1D00C7FF41 /* AutoLayoutUtils.swift */,
				08E64B88202DD9CC00A59F41 /* KeyValueStoreType.swift */,
				08E64B98202F224A00A59F41 /* Navigation.swift */,
				08CAB6C7202F4CB300C7FF41 /* Extensions.swift */,
				0805B25B2039614D00916CD4 /* Rx Extensions */,
				08CAB6D0202F92C200C7FF41 /* Model */,
				08CAB6B6202F377100C7FF41 /* Views */,
				08CAB6CB202F926700C7FF41 /* ViewModels */,
				0860EC8C2031ED6800358F2A /* PickerViewAdapter.swift */,
			);
			path = PacesKit;
			sourceTree = "<group>";
		};
		08E64B76202DD82F00A59F41 /* PacesKitTests */ = {
			isa = PBXGroup;
			children = (
				08E64B77202DD82F00A59F41 /* PacesKitTests.swift */,
				08E64B79202DD82F00A59F41 /* Info.plist */,
				08E64B8C202DEDC500A59F41 /* AppEnvironmentTests.swift */,
				08CAB6D32030668300C7FF41 /* PaceTests.swift */,
				08F81B72203097B6008C346A /* PaceControlViewModelTests.swift */,
			);
			path = PacesKitTests;
			sourceTree = "<group>";
		};
		08E64B8E202DFF7F00A59F41 /* FlowControllers */ = {
			isa = PBXGroup;
			children = (
				08E64B8F202DFFB500A59F41 /* AppFlowController.swift */,
				08E64B96202F1A9F00A59F41 /* MainFlowController.swift */,
			);
			path = FlowControllers;
			sourceTree = "<group>";
		};
		08E64B91202EFA2000A59F41 /* ViewModels */ = {
			isa = PBXGroup;
			children = (
				08E64B92202EFA4100A59F41 /* AppDelegateViewModel.swift */,
				08E64B94202F115200A59F41 /* AppFlowViewModel.swift */,
				08E64B9D202F297600A59F41 /* PacesViewModel.swift */,
			);
			path = ViewModels;
			sourceTree = "<group>";
		};
		08E64B9A202F239300A59F41 /* ViewControllers */ = {
			isa = PBXGroup;
			children = (
				08E64B9B202F266900A59F41 /* PacesViewController.swift */,
			);
			path = ViewControllers;
			sourceTree = "<group>";
		};
		4E0CE232E29C91E0D81AC67D /* Pods */ = {
			isa = PBXGroup;
			children = (
				F2D3A9D03A64F97F6FF9E668 /* Pods-Paces.debug.xcconfig */,
				F37EEEA3BDF37ACB615B899E /* Pods-Paces.release.xcconfig */,
				9A82F58CC5E90B23C2C4C874 /* Pods-PacesTests.debug.xcconfig */,
				8094585C65415FB1C24B599C /* Pods-PacesTests.release.xcconfig */,
				E65DA83FC8259AD1EB9DA607 /* Pods-PacesKit.debug.xcconfig */,
				86C1D187B22F2A33287B1C48 /* Pods-PacesKit.release.xcconfig */,
				220AFA9DE64D32EF2E2BD0A2 /* Pods-PacesKitTests.debug.xcconfig */,
				119460154047C98E38AE5449 /* Pods-PacesKitTests.release.xcconfig */,
			);
			name = Pods;
			sourceTree = "<group>";
		};
		5168F72B2E16D1B32402862F /* Frameworks */ = {
			isa = PBXGroup;
			children = (
				BC09D143B537961A85321211 /* Pods_Paces.framework */,
				BF5A82F7DBACF9FD253E12E0 /* Pods_PacesTests.framework */,
				81C9957795BB657245FD2BD0 /* Pods_PacesKit.framework */,
				F5006EC2BBC20C0E2E2C3D4C /* Pods_PacesKitTests.framework */,
			);
			name = Frameworks;
			sourceTree = "<group>";
		};
/* End PBXGroup section */

/* Begin PBXHeadersBuildPhase section */
		08E64B65202DD82E00A59F41 /* Headers */ = {
			isa = PBXHeadersBuildPhase;
			buildActionMask = 2147483647;
			files = (
				08E64B7A202DD82F00A59F41 /* PacesKit.h in Headers */,
			);
			runOnlyForDeploymentPostprocessing = 0;
		};
/* End PBXHeadersBuildPhase section */

/* Begin PBXNativeTarget section */
		08E64B24202DD3B900A59F41 /* Paces */ = {
			isa = PBXNativeTarget;
			buildConfigurationList = 08E64B42202DD3BA00A59F41 /* Build configuration list for PBXNativeTarget "Paces" */;
			buildPhases = (
				9D89E43ED8CDC74CB3224A99 /* [CP] Check Pods Manifest.lock */,
				08E64B21202DD3B900A59F41 /* Sources */,
				08E64B22202DD3B900A59F41 /* Frameworks */,
				08E64B23202DD3B900A59F41 /* Resources */,
				290A4EEA88F3C20DA49AFEC6 /* [CP] Embed Pods Frameworks */,
				B5BE3C8238B57E54F3AB0353 /* [CP] Copy Pods Resources */,
				08E64B82202DD83000A59F41 /* Embed Frameworks */,
			);
			buildRules = (
			);
			dependencies = (
				08E64B7C202DD82F00A59F41 /* PBXTargetDependency */,
			);
			name = Paces;
			productName = Paces;
			productReference = 08E64B25202DD3B900A59F41 /* Paces.app */;
			productType = "com.apple.product-type.application";
		};
		08E64B38202DD3B900A59F41 /* PacesTests */ = {
			isa = PBXNativeTarget;
			buildConfigurationList = 08E64B45202DD3BA00A59F41 /* Build configuration list for PBXNativeTarget "PacesTests" */;
			buildPhases = (
				A44F884228FC90AAF2955909 /* [CP] Check Pods Manifest.lock */,
				08E64B35202DD3B900A59F41 /* Sources */,
				08E64B36202DD3B900A59F41 /* Frameworks */,
				08E64B37202DD3B900A59F41 /* Resources */,
				62A38AC5E34E839652EF4818 /* [CP] Embed Pods Frameworks */,
				D8A701FC23EA5587E2366EA3 /* [CP] Copy Pods Resources */,
			);
			buildRules = (
			);
			dependencies = (
				08E64B3B202DD3B900A59F41 /* PBXTargetDependency */,
			);
			name = PacesTests;
			productName = PacesTests;
			productReference = 08E64B39202DD3B900A59F41 /* PacesTests.xctest */;
			productType = "com.apple.product-type.bundle.unit-test";
		};
		08E64B67202DD82E00A59F41 /* PacesKit */ = {
			isa = PBXNativeTarget;
			buildConfigurationList = 08E64B7F202DD83000A59F41 /* Build configuration list for PBXNativeTarget "PacesKit" */;
			buildPhases = (
				D7FE28299C609921CE138F3B /* [CP] Check Pods Manifest.lock */,
				08E64B63202DD82E00A59F41 /* Sources */,
				08E64B64202DD82E00A59F41 /* Frameworks */,
				08E64B65202DD82E00A59F41 /* Headers */,
				08E64B66202DD82E00A59F41 /* Resources */,
				C2358D921DDD0FBB69190C44 /* [CP] Copy Pods Resources */,
			);
			buildRules = (
			);
			dependencies = (
			);
			name = PacesKit;
			productName = PacesKit;
			productReference = 08E64B68202DD82E00A59F41 /* PacesKit.framework */;
			productType = "com.apple.product-type.framework";
		};
		08E64B6F202DD82F00A59F41 /* PacesKitTests */ = {
			isa = PBXNativeTarget;
			buildConfigurationList = 08E64B83202DD83000A59F41 /* Build configuration list for PBXNativeTarget "PacesKitTests" */;
			buildPhases = (
				574EC18076EF139FA8390E78 /* [CP] Check Pods Manifest.lock */,
				08E64B6C202DD82F00A59F41 /* Sources */,
				08E64B6D202DD82F00A59F41 /* Frameworks */,
				08E64B6E202DD82F00A59F41 /* Resources */,
				5314B0E71D3A84CBE982E0E4 /* [CP] Embed Pods Frameworks */,
				ADE0548D68BEB8E92F523856 /* [CP] Copy Pods Resources */,
			);
			buildRules = (
			);
			dependencies = (
				08E64B73202DD82F00A59F41 /* PBXTargetDependency */,
				08E64B75202DD82F00A59F41 /* PBXTargetDependency */,
			);
			name = PacesKitTests;
			productName = PacesKitTests;
			productReference = 08E64B70202DD82F00A59F41 /* PacesKitTests.xctest */;
			productType = "com.apple.product-type.bundle.unit-test";
		};
/* End PBXNativeTarget section */

/* Begin PBXProject section */
		08E64B1D202DD3B900A59F41 /* Project object */ = {
			isa = PBXProject;
			attributes = {
				LastSwiftUpdateCheck = 0920;
				LastUpgradeCheck = 0920;
				ORGANIZATIONNAME = "CodexBit Software";
				TargetAttributes = {
					08E64B24202DD3B900A59F41 = {
						CreatedOnToolsVersion = 9.2;
						ProvisioningStyle = Automatic;
					};
					08E64B38202DD3B900A59F41 = {
						CreatedOnToolsVersion = 9.2;
						ProvisioningStyle = Automatic;
						TestTargetID = 08E64B24202DD3B900A59F41;
					};
					08E64B67202DD82E00A59F41 = {
						CreatedOnToolsVersion = 9.2;
						LastSwiftMigration = 0920;
						ProvisioningStyle = Automatic;
					};
					08E64B6F202DD82F00A59F41 = {
						CreatedOnToolsVersion = 9.2;
						ProvisioningStyle = Automatic;
						TestTargetID = 08E64B24202DD3B900A59F41;
					};
				};
			};
			buildConfigurationList = 08E64B20202DD3B900A59F41 /* Build configuration list for PBXProject "Paces" */;
			compatibilityVersion = "Xcode 8.0";
			developmentRegion = en;
			hasScannedForEncodings = 0;
			knownRegions = (
				en,
				Base,
			);
			mainGroup = 08E64B1C202DD3B900A59F41;
			productRefGroup = 08E64B26202DD3B900A59F41 /* Products */;
			projectDirPath = "";
			projectRoot = "";
			targets = (
				08E64B24202DD3B900A59F41 /* Paces */,
				08E64B38202DD3B900A59F41 /* PacesTests */,
				08E64B67202DD82E00A59F41 /* PacesKit */,
				08E64B6F202DD82F00A59F41 /* PacesKitTests */,
			);
		};
/* End PBXProject section */

/* Begin PBXResourcesBuildPhase section */
		08E64B23202DD3B900A59F41 /* Resources */ = {
			isa = PBXResourcesBuildPhase;
			buildActionMask = 2147483647;
			files = (
				08E64B33202DD3B900A59F41 /* LaunchScreen.storyboard in Resources */,
				08E64B30202DD3B900A59F41 /* Assets.xcassets in Resources */,
				08E64B2E202DD3B900A59F41 /* Main.storyboard in Resources */,
			);
			runOnlyForDeploymentPostprocessing = 0;
		};
		08E64B37202DD3B900A59F41 /* Resources */ = {
			isa = PBXResourcesBuildPhase;
			buildActionMask = 2147483647;
			files = (
			);
			runOnlyForDeploymentPostprocessing = 0;
		};
		08E64B66202DD82E00A59F41 /* Resources */ = {
			isa = PBXResourcesBuildPhase;
			buildActionMask = 2147483647;
			files = (
				083C321D203C6F1D005AD1F5 /* DistanceControlView.xib in Resources */,
				083C3241203EE0F9005AD1F5 /* KitAssets.xcassets in Resources */,
				08CAB6C6202F3A4D00C7FF41 /* PaceControlView.xib in Resources */,
				083C323F203ED37D005AD1F5 /* AddControlView.xib in Resources */,
			);
			runOnlyForDeploymentPostprocessing = 0;
		};
		08E64B6E202DD82F00A59F41 /* Resources */ = {
			isa = PBXResourcesBuildPhase;
			buildActionMask = 2147483647;
			files = (
			);
			runOnlyForDeploymentPostprocessing = 0;
		};
/* End PBXResourcesBuildPhase section */

/* Begin PBXShellScriptBuildPhase section */
		290A4EEA88F3C20DA49AFEC6 /* [CP] Embed Pods Frameworks */ = {
			isa = PBXShellScriptBuildPhase;
			buildActionMask = 2147483647;
			files = (
			);
			inputPaths = (
			);
			name = "[CP] Embed Pods Frameworks";
			outputPaths = (
			);
			runOnlyForDeploymentPostprocessing = 0;
			shellPath = /bin/sh;
			shellScript = "\"${SRCROOT}/Pods/Target Support Files/Pods-Paces/Pods-Paces-frameworks.sh\"\n";
			showEnvVarsInLog = 0;
		};
		5314B0E71D3A84CBE982E0E4 /* [CP] Embed Pods Frameworks */ = {
			isa = PBXShellScriptBuildPhase;
			buildActionMask = 2147483647;
			files = (
			);
			inputPaths = (
			);
			name = "[CP] Embed Pods Frameworks";
			outputPaths = (
			);
			runOnlyForDeploymentPostprocessing = 0;
			shellPath = /bin/sh;
			shellScript = "\"${SRCROOT}/Pods/Target Support Files/Pods-PacesKitTests/Pods-PacesKitTests-frameworks.sh\"\n";
			showEnvVarsInLog = 0;
		};
		574EC18076EF139FA8390E78 /* [CP] Check Pods Manifest.lock */ = {
			isa = PBXShellScriptBuildPhase;
			buildActionMask = 2147483647;
			files = (
			);
			inputPaths = (
			);
			name = "[CP] Check Pods Manifest.lock";
			outputPaths = (
			);
			runOnlyForDeploymentPostprocessing = 0;
			shellPath = /bin/sh;
			shellScript = "diff \"${PODS_ROOT}/../Podfile.lock\" \"${PODS_ROOT}/Manifest.lock\" > /dev/null\nif [ $? != 0 ] ; then\n    # print error to STDERR\n    echo \"error: The sandbox is not in sync with the Podfile.lock. Run 'pod install' or update your CocoaPods installation.\" >&2\n    exit 1\nfi\n";
			showEnvVarsInLog = 0;
		};
		62A38AC5E34E839652EF4818 /* [CP] Embed Pods Frameworks */ = {
			isa = PBXShellScriptBuildPhase;
			buildActionMask = 2147483647;
			files = (
			);
			inputPaths = (
			);
			name = "[CP] Embed Pods Frameworks";
			outputPaths = (
			);
			runOnlyForDeploymentPostprocessing = 0;
			shellPath = /bin/sh;
			shellScript = "\"${SRCROOT}/Pods/Target Support Files/Pods-PacesTests/Pods-PacesTests-frameworks.sh\"\n";
			showEnvVarsInLog = 0;
		};
		9D89E43ED8CDC74CB3224A99 /* [CP] Check Pods Manifest.lock */ = {
			isa = PBXShellScriptBuildPhase;
			buildActionMask = 2147483647;
			files = (
			);
			inputPaths = (
			);
			name = "[CP] Check Pods Manifest.lock";
			outputPaths = (
			);
			runOnlyForDeploymentPostprocessing = 0;
			shellPath = /bin/sh;
			shellScript = "diff \"${PODS_ROOT}/../Podfile.lock\" \"${PODS_ROOT}/Manifest.lock\" > /dev/null\nif [ $? != 0 ] ; then\n    # print error to STDERR\n    echo \"error: The sandbox is not in sync with the Podfile.lock. Run 'pod install' or update your CocoaPods installation.\" >&2\n    exit 1\nfi\n";
			showEnvVarsInLog = 0;
		};
		A44F884228FC90AAF2955909 /* [CP] Check Pods Manifest.lock */ = {
			isa = PBXShellScriptBuildPhase;
			buildActionMask = 2147483647;
			files = (
			);
			inputPaths = (
			);
			name = "[CP] Check Pods Manifest.lock";
			outputPaths = (
			);
			runOnlyForDeploymentPostprocessing = 0;
			shellPath = /bin/sh;
			shellScript = "diff \"${PODS_ROOT}/../Podfile.lock\" \"${PODS_ROOT}/Manifest.lock\" > /dev/null\nif [ $? != 0 ] ; then\n    # print error to STDERR\n    echo \"error: The sandbox is not in sync with the Podfile.lock. Run 'pod install' or update your CocoaPods installation.\" >&2\n    exit 1\nfi\n";
			showEnvVarsInLog = 0;
		};
		ADE0548D68BEB8E92F523856 /* [CP] Copy Pods Resources */ = {
			isa = PBXShellScriptBuildPhase;
			buildActionMask = 2147483647;
			files = (
			);
			inputPaths = (
			);
			name = "[CP] Copy Pods Resources";
			outputPaths = (
			);
			runOnlyForDeploymentPostprocessing = 0;
			shellPath = /bin/sh;
			shellScript = "\"${SRCROOT}/Pods/Target Support Files/Pods-PacesKitTests/Pods-PacesKitTests-resources.sh\"\n";
			showEnvVarsInLog = 0;
		};
		B5BE3C8238B57E54F3AB0353 /* [CP] Copy Pods Resources */ = {
			isa = PBXShellScriptBuildPhase;
			buildActionMask = 2147483647;
			files = (
			);
			inputPaths = (
			);
			name = "[CP] Copy Pods Resources";
			outputPaths = (
			);
			runOnlyForDeploymentPostprocessing = 0;
			shellPath = /bin/sh;
			shellScript = "\"${SRCROOT}/Pods/Target Support Files/Pods-Paces/Pods-Paces-resources.sh\"\n";
			showEnvVarsInLog = 0;
		};
		C2358D921DDD0FBB69190C44 /* [CP] Copy Pods Resources */ = {
			isa = PBXShellScriptBuildPhase;
			buildActionMask = 2147483647;
			files = (
			);
			inputPaths = (
			);
			name = "[CP] Copy Pods Resources";
			outputPaths = (
			);
			runOnlyForDeploymentPostprocessing = 0;
			shellPath = /bin/sh;
			shellScript = "\"${SRCROOT}/Pods/Target Support Files/Pods-PacesKit/Pods-PacesKit-resources.sh\"\n";
			showEnvVarsInLog = 0;
		};
		D7FE28299C609921CE138F3B /* [CP] Check Pods Manifest.lock */ = {
			isa = PBXShellScriptBuildPhase;
			buildActionMask = 2147483647;
			files = (
			);
			inputPaths = (
			);
			name = "[CP] Check Pods Manifest.lock";
			outputPaths = (
			);
			runOnlyForDeploymentPostprocessing = 0;
			shellPath = /bin/sh;
			shellScript = "diff \"${PODS_ROOT}/../Podfile.lock\" \"${PODS_ROOT}/Manifest.lock\" > /dev/null\nif [ $? != 0 ] ; then\n    # print error to STDERR\n    echo \"error: The sandbox is not in sync with the Podfile.lock. Run 'pod install' or update your CocoaPods installation.\" >&2\n    exit 1\nfi\n";
			showEnvVarsInLog = 0;
		};
		D8A701FC23EA5587E2366EA3 /* [CP] Copy Pods Resources */ = {
			isa = PBXShellScriptBuildPhase;
			buildActionMask = 2147483647;
			files = (
			);
			inputPaths = (
			);
			name = "[CP] Copy Pods Resources";
			outputPaths = (
			);
			runOnlyForDeploymentPostprocessing = 0;
			shellPath = /bin/sh;
			shellScript = "\"${SRCROOT}/Pods/Target Support Files/Pods-PacesTests/Pods-PacesTests-resources.sh\"\n";
			showEnvVarsInLog = 0;
		};
/* End PBXShellScriptBuildPhase section */

/* Begin PBXSourcesBuildPhase section */
		08E64B21202DD3B900A59F41 /* Sources */ = {
			isa = PBXSourcesBuildPhase;
			buildActionMask = 2147483647;
			files = (
				08E64B97202F1A9F00A59F41 /* MainFlowController.swift in Sources */,
				08E64B90202DFFB500A59F41 /* AppFlowController.swift in Sources */,
				08E64B9C202F266900A59F41 /* PacesViewController.swift in Sources */,
				08E64B93202EFA4100A59F41 /* AppDelegateViewModel.swift in Sources */,
				08E64B2B202DD3B900A59F41 /* ViewController.swift in Sources */,
				087EFAE9203B10B3005B7385 /* PacesCollectionViewAdapter.swift in Sources */,
				08E64B29202DD3B900A59F41 /* AppDelegate.swift in Sources */,
				08E64B95202F115200A59F41 /* AppFlowViewModel.swift in Sources */,
				08E64B9E202F297600A59F41 /* PacesViewModel.swift in Sources */,
			);
			runOnlyForDeploymentPostprocessing = 0;
		};
		08E64B35202DD3B900A59F41 /* Sources */ = {
			isa = PBXSourcesBuildPhase;
			buildActionMask = 2147483647;
			files = (
				08E64B3E202DD3B900A59F41 /* PacesTests.swift in Sources */,
			);
			runOnlyForDeploymentPostprocessing = 0;
		};
		08E64B63202DD82E00A59F41 /* Sources */ = {
			isa = PBXSourcesBuildPhase;
			buildActionMask = 2147483647;
			files = (
				08E64B87202DD86E00A59F41 /* Environment.swift in Sources */,
				083C3221203C7C7D005AD1F5 /* DistanceControlCollectionViewCell.swift in Sources */,
				087EFAD82039D19D005B7385 /* ConversionControl.swift in Sources */,
				087EFAD620398FA5005B7385 /* PaceControlCollectionViewCell.swift in Sources */,
				083C323E203ED37D005AD1F5 /* AddControlView.swift in Sources */,
				08CAB6CD202F929900C7FF41 /* PaceControlViewModel.swift in Sources */,
				08E64B89202DD9CC00A59F41 /* KeyValueStoreType.swift in Sources */,
				083C322D203DC5D3005AD1F5 /* ThemeGradientView.swift in Sources */,
				0805B25820388BE800916CD4 /* UITableView+Extensions.swift in Sources */,
				08CAB6B1202F2C5800C7FF41 /* GradientView.swift in Sources */,
				08CAB6CF202F92BC00C7FF41 /* Pace.swift in Sources */,
				08CAB6C8202F4CB300C7FF41 /* Extensions.swift in Sources */,
				083C3225203D689C005AD1F5 /* ThemeLabel.swift in Sources */,
				0805B25A20389DED00916CD4 /* Observable+Operators.swift in Sources */,
				083C3229203D88F9005AD1F5 /* ThemeView.swift in Sources */,
				083C3227203D7DD6005AD1F5 /* ConversionControlLabel.swift in Sources */,
				08CAB6B5202F376300C7FF41 /* PaceControlView.swift in Sources */,
				083C321F203C7A94005AD1F5 /* ConversionControlCollectionViewCell.swift in Sources */,
				083C3223203D5501005AD1F5 /* Theme.swift in Sources */,
				083C321B203C6EE4005AD1F5 /* DistanceControlView.swift in Sources */,
				08E64B8B202DE06400A59F41 /* AppEnvironment.swift in Sources */,
				08CAB6B3202F2F1E00C7FF41 /* AutoLayoutUtils.swift in Sources */,
				08E64B99202F224B00A59F41 /* Navigation.swift in Sources */,
				08C694FD203F248D005A96CA /* PaceInputView.swift in Sources */,
				0860EC8D2031ED6800358F2A /* PickerViewAdapter.swift in Sources */,
			);
			runOnlyForDeploymentPostprocessing = 0;
		};
		08E64B6C202DD82F00A59F41 /* Sources */ = {
			isa = PBXSourcesBuildPhase;
			buildActionMask = 2147483647;
			files = (
				08E64B78202DD82F00A59F41 /* PacesKitTests.swift in Sources */,
				08E64B8D202DEDC500A59F41 /* AppEnvironmentTests.swift in Sources */,
				08CAB6D42030668300C7FF41 /* PaceTests.swift in Sources */,
				08F81B73203097B6008C346A /* PaceControlViewModelTests.swift in Sources */,
			);
			runOnlyForDeploymentPostprocessing = 0;
		};
/* End PBXSourcesBuildPhase section */

/* Begin PBXTargetDependency section */
		08E64B3B202DD3B900A59F41 /* PBXTargetDependency */ = {
			isa = PBXTargetDependency;
			target = 08E64B24202DD3B900A59F41 /* Paces */;
			targetProxy = 08E64B3A202DD3B900A59F41 /* PBXContainerItemProxy */;
		};
		08E64B73202DD82F00A59F41 /* PBXTargetDependency */ = {
			isa = PBXTargetDependency;
			target = 08E64B67202DD82E00A59F41 /* PacesKit */;
			targetProxy = 08E64B72202DD82F00A59F41 /* PBXContainerItemProxy */;
		};
		08E64B75202DD82F00A59F41 /* PBXTargetDependency */ = {
			isa = PBXTargetDependency;
			target = 08E64B24202DD3B900A59F41 /* Paces */;
			targetProxy = 08E64B74202DD82F00A59F41 /* PBXContainerItemProxy */;
		};
		08E64B7C202DD82F00A59F41 /* PBXTargetDependency */ = {
			isa = PBXTargetDependency;
			target = 08E64B67202DD82E00A59F41 /* PacesKit */;
			targetProxy = 08E64B7B202DD82F00A59F41 /* PBXContainerItemProxy */;
		};
/* End PBXTargetDependency section */

/* Begin PBXVariantGroup section */
		08E64B2C202DD3B900A59F41 /* Main.storyboard */ = {
			isa = PBXVariantGroup;
			children = (
				08E64B2D202DD3B900A59F41 /* Base */,
			);
			name = Main.storyboard;
			sourceTree = "<group>";
		};
		08E64B31202DD3B900A59F41 /* LaunchScreen.storyboard */ = {
			isa = PBXVariantGroup;
			children = (
				08E64B32202DD3B900A59F41 /* Base */,
			);
			name = LaunchScreen.storyboard;
			sourceTree = "<group>";
		};
/* End PBXVariantGroup section */

/* Begin XCBuildConfiguration section */
		08E64B40202DD3BA00A59F41 /* Debug */ = {
			isa = XCBuildConfiguration;
			buildSettings = {
				ALWAYS_SEARCH_USER_PATHS = NO;
				CLANG_ANALYZER_NONNULL = YES;
				CLANG_ANALYZER_NUMBER_OBJECT_CONVERSION = YES_AGGRESSIVE;
				CLANG_CXX_LANGUAGE_STANDARD = "gnu++14";
				CLANG_CXX_LIBRARY = "libc++";
				CLANG_ENABLE_MODULES = YES;
				CLANG_ENABLE_OBJC_ARC = YES;
				CLANG_WARN_BLOCK_CAPTURE_AUTORELEASING = YES;
				CLANG_WARN_BOOL_CONVERSION = YES;
				CLANG_WARN_COMMA = YES;
				CLANG_WARN_CONSTANT_CONVERSION = YES;
				CLANG_WARN_DIRECT_OBJC_ISA_USAGE = YES_ERROR;
				CLANG_WARN_DOCUMENTATION_COMMENTS = YES;
				CLANG_WARN_EMPTY_BODY = YES;
				CLANG_WARN_ENUM_CONVERSION = YES;
				CLANG_WARN_INFINITE_RECURSION = YES;
				CLANG_WARN_INT_CONVERSION = YES;
				CLANG_WARN_NON_LITERAL_NULL_CONVERSION = YES;
				CLANG_WARN_OBJC_LITERAL_CONVERSION = YES;
				CLANG_WARN_OBJC_ROOT_CLASS = YES_ERROR;
				CLANG_WARN_RANGE_LOOP_ANALYSIS = YES;
				CLANG_WARN_STRICT_PROTOTYPES = YES;
				CLANG_WARN_SUSPICIOUS_MOVE = YES;
				CLANG_WARN_UNGUARDED_AVAILABILITY = YES_AGGRESSIVE;
				CLANG_WARN_UNREACHABLE_CODE = YES;
				CLANG_WARN__DUPLICATE_METHOD_MATCH = YES;
				CODE_SIGN_IDENTITY = "iPhone Developer";
				COPY_PHASE_STRIP = NO;
				DEBUG_INFORMATION_FORMAT = dwarf;
				ENABLE_STRICT_OBJC_MSGSEND = YES;
				ENABLE_TESTABILITY = YES;
				GCC_C_LANGUAGE_STANDARD = gnu11;
				GCC_DYNAMIC_NO_PIC = NO;
				GCC_NO_COMMON_BLOCKS = YES;
				GCC_OPTIMIZATION_LEVEL = 0;
				GCC_PREPROCESSOR_DEFINITIONS = (
					"DEBUG=1",
					"$(inherited)",
				);
				GCC_WARN_64_TO_32_BIT_CONVERSION = YES;
				GCC_WARN_ABOUT_RETURN_TYPE = YES_ERROR;
				GCC_WARN_UNDECLARED_SELECTOR = YES;
				GCC_WARN_UNINITIALIZED_AUTOS = YES_AGGRESSIVE;
				GCC_WARN_UNUSED_FUNCTION = YES;
				GCC_WARN_UNUSED_VARIABLE = YES;
				IPHONEOS_DEPLOYMENT_TARGET = 11.2;
				MTL_ENABLE_DEBUG_INFO = YES;
				ONLY_ACTIVE_ARCH = YES;
				SDKROOT = iphoneos;
				SWIFT_ACTIVE_COMPILATION_CONDITIONS = DEBUG;
				SWIFT_OPTIMIZATION_LEVEL = "-Onone";
			};
			name = Debug;
		};
		08E64B41202DD3BA00A59F41 /* Release */ = {
			isa = XCBuildConfiguration;
			buildSettings = {
				ALWAYS_SEARCH_USER_PATHS = NO;
				CLANG_ANALYZER_NONNULL = YES;
				CLANG_ANALYZER_NUMBER_OBJECT_CONVERSION = YES_AGGRESSIVE;
				CLANG_CXX_LANGUAGE_STANDARD = "gnu++14";
				CLANG_CXX_LIBRARY = "libc++";
				CLANG_ENABLE_MODULES = YES;
				CLANG_ENABLE_OBJC_ARC = YES;
				CLANG_WARN_BLOCK_CAPTURE_AUTORELEASING = YES;
				CLANG_WARN_BOOL_CONVERSION = YES;
				CLANG_WARN_COMMA = YES;
				CLANG_WARN_CONSTANT_CONVERSION = YES;
				CLANG_WARN_DIRECT_OBJC_ISA_USAGE = YES_ERROR;
				CLANG_WARN_DOCUMENTATION_COMMENTS = YES;
				CLANG_WARN_EMPTY_BODY = YES;
				CLANG_WARN_ENUM_CONVERSION = YES;
				CLANG_WARN_INFINITE_RECURSION = YES;
				CLANG_WARN_INT_CONVERSION = YES;
				CLANG_WARN_NON_LITERAL_NULL_CONVERSION = YES;
				CLANG_WARN_OBJC_LITERAL_CONVERSION = YES;
				CLANG_WARN_OBJC_ROOT_CLASS = YES_ERROR;
				CLANG_WARN_RANGE_LOOP_ANALYSIS = YES;
				CLANG_WARN_STRICT_PROTOTYPES = YES;
				CLANG_WARN_SUSPICIOUS_MOVE = YES;
				CLANG_WARN_UNGUARDED_AVAILABILITY = YES_AGGRESSIVE;
				CLANG_WARN_UNREACHABLE_CODE = YES;
				CLANG_WARN__DUPLICATE_METHOD_MATCH = YES;
				CODE_SIGN_IDENTITY = "iPhone Developer";
				COPY_PHASE_STRIP = NO;
				DEBUG_INFORMATION_FORMAT = "dwarf-with-dsym";
				ENABLE_NS_ASSERTIONS = NO;
				ENABLE_STRICT_OBJC_MSGSEND = YES;
				GCC_C_LANGUAGE_STANDARD = gnu11;
				GCC_NO_COMMON_BLOCKS = YES;
				GCC_WARN_64_TO_32_BIT_CONVERSION = YES;
				GCC_WARN_ABOUT_RETURN_TYPE = YES_ERROR;
				GCC_WARN_UNDECLARED_SELECTOR = YES;
				GCC_WARN_UNINITIALIZED_AUTOS = YES_AGGRESSIVE;
				GCC_WARN_UNUSED_FUNCTION = YES;
				GCC_WARN_UNUSED_VARIABLE = YES;
				IPHONEOS_DEPLOYMENT_TARGET = 11.2;
				MTL_ENABLE_DEBUG_INFO = NO;
				SDKROOT = iphoneos;
				SWIFT_OPTIMIZATION_LEVEL = "-Owholemodule";
				VALIDATE_PRODUCT = YES;
			};
			name = Release;
		};
		08E64B43202DD3BA00A59F41 /* Debug */ = {
			isa = XCBuildConfiguration;
			baseConfigurationReference = F2D3A9D03A64F97F6FF9E668 /* Pods-Paces.debug.xcconfig */;
			buildSettings = {
				ALWAYS_EMBED_SWIFT_STANDARD_LIBRARIES = YES;
				ASSETCATALOG_COMPILER_APPICON_NAME = AppIcon;
				CODE_SIGN_STYLE = Automatic;
				DEVELOPMENT_TEAM = 5LNPS62N3V;
				INFOPLIST_FILE = Paces/Info.plist;
				LD_RUNPATH_SEARCH_PATHS = "$(inherited) @executable_path/Frameworks";
				PRODUCT_BUNDLE_IDENTIFIER = com.codexbit.Paces;
				PRODUCT_NAME = "$(TARGET_NAME)";
				SWIFT_VERSION = 4.0;
				TARGETED_DEVICE_FAMILY = "1,2";
			};
			name = Debug;
		};
		08E64B44202DD3BA00A59F41 /* Release */ = {
			isa = XCBuildConfiguration;
			baseConfigurationReference = F37EEEA3BDF37ACB615B899E /* Pods-Paces.release.xcconfig */;
			buildSettings = {
				ALWAYS_EMBED_SWIFT_STANDARD_LIBRARIES = YES;
				ASSETCATALOG_COMPILER_APPICON_NAME = AppIcon;
				CODE_SIGN_STYLE = Automatic;
				DEVELOPMENT_TEAM = 5LNPS62N3V;
				INFOPLIST_FILE = Paces/Info.plist;
				LD_RUNPATH_SEARCH_PATHS = "$(inherited) @executable_path/Frameworks";
				PRODUCT_BUNDLE_IDENTIFIER = com.codexbit.Paces;
				PRODUCT_NAME = "$(TARGET_NAME)";
				SWIFT_VERSION = 4.0;
				TARGETED_DEVICE_FAMILY = "1,2";
			};
			name = Release;
		};
		08E64B46202DD3BA00A59F41 /* Debug */ = {
			isa = XCBuildConfiguration;
			baseConfigurationReference = 9A82F58CC5E90B23C2C4C874 /* Pods-PacesTests.debug.xcconfig */;
			buildSettings = {
				ALWAYS_EMBED_SWIFT_STANDARD_LIBRARIES = YES;
				BUNDLE_LOADER = "$(TEST_HOST)";
				CODE_SIGN_STYLE = Automatic;
				DEVELOPMENT_TEAM = 5LNPS62N3V;
				INFOPLIST_FILE = PacesTests/Info.plist;
				LD_RUNPATH_SEARCH_PATHS = "$(inherited) @executable_path/Frameworks @loader_path/Frameworks";
				PRODUCT_BUNDLE_IDENTIFIER = com.codexbit.PacesTests;
				PRODUCT_NAME = "$(TARGET_NAME)";
				SWIFT_VERSION = 4.0;
				TARGETED_DEVICE_FAMILY = "1,2";
				TEST_HOST = "$(BUILT_PRODUCTS_DIR)/Paces.app/Paces";
			};
			name = Debug;
		};
		08E64B47202DD3BA00A59F41 /* Release */ = {
			isa = XCBuildConfiguration;
			baseConfigurationReference = 8094585C65415FB1C24B599C /* Pods-PacesTests.release.xcconfig */;
			buildSettings = {
				ALWAYS_EMBED_SWIFT_STANDARD_LIBRARIES = YES;
				BUNDLE_LOADER = "$(TEST_HOST)";
				CODE_SIGN_STYLE = Automatic;
				DEVELOPMENT_TEAM = 5LNPS62N3V;
				INFOPLIST_FILE = PacesTests/Info.plist;
				LD_RUNPATH_SEARCH_PATHS = "$(inherited) @executable_path/Frameworks @loader_path/Frameworks";
				PRODUCT_BUNDLE_IDENTIFIER = com.codexbit.PacesTests;
				PRODUCT_NAME = "$(TARGET_NAME)";
				SWIFT_VERSION = 4.0;
				TARGETED_DEVICE_FAMILY = "1,2";
				TEST_HOST = "$(BUILT_PRODUCTS_DIR)/Paces.app/Paces";
			};
			name = Release;
		};
		08E64B80202DD83000A59F41 /* Debug */ = {
			isa = XCBuildConfiguration;
			baseConfigurationReference = E65DA83FC8259AD1EB9DA607 /* Pods-PacesKit.debug.xcconfig */;
			buildSettings = {
				CLANG_ENABLE_MODULES = YES;
				CODE_SIGN_IDENTITY = "";
				CODE_SIGN_STYLE = Automatic;
				CURRENT_PROJECT_VERSION = 1;
				DEFINES_MODULE = YES;
				DEVELOPMENT_TEAM = 5LNPS62N3V;
				DYLIB_COMPATIBILITY_VERSION = 1;
				DYLIB_CURRENT_VERSION = 1;
				DYLIB_INSTALL_NAME_BASE = "@rpath";
				INFOPLIST_FILE = PacesKit/Info.plist;
				INSTALL_PATH = "$(LOCAL_LIBRARY_DIR)/Frameworks";
				LD_RUNPATH_SEARCH_PATHS = "$(inherited) @executable_path/Frameworks @loader_path/Frameworks";
				PRODUCT_BUNDLE_IDENTIFIER = com.codexbit.PacesKit;
				PRODUCT_NAME = "$(TARGET_NAME:c99extidentifier)";
				SKIP_INSTALL = YES;
				SWIFT_OPTIMIZATION_LEVEL = "-Onone";
				SWIFT_VERSION = 4.0;
				TARGETED_DEVICE_FAMILY = "1,2";
				VERSIONING_SYSTEM = "apple-generic";
				VERSION_INFO_PREFIX = "";
			};
			name = Debug;
		};
		08E64B81202DD83000A59F41 /* Release */ = {
			isa = XCBuildConfiguration;
			baseConfigurationReference = 86C1D187B22F2A33287B1C48 /* Pods-PacesKit.release.xcconfig */;
			buildSettings = {
				CLANG_ENABLE_MODULES = YES;
				CODE_SIGN_IDENTITY = "";
				CODE_SIGN_STYLE = Automatic;
				CURRENT_PROJECT_VERSION = 1;
				DEFINES_MODULE = YES;
				DEVELOPMENT_TEAM = 5LNPS62N3V;
				DYLIB_COMPATIBILITY_VERSION = 1;
				DYLIB_CURRENT_VERSION = 1;
				DYLIB_INSTALL_NAME_BASE = "@rpath";
				INFOPLIST_FILE = PacesKit/Info.plist;
				INSTALL_PATH = "$(LOCAL_LIBRARY_DIR)/Frameworks";
				LD_RUNPATH_SEARCH_PATHS = "$(inherited) @executable_path/Frameworks @loader_path/Frameworks";
				PRODUCT_BUNDLE_IDENTIFIER = com.codexbit.PacesKit;
				PRODUCT_NAME = "$(TARGET_NAME:c99extidentifier)";
				SKIP_INSTALL = YES;
				SWIFT_VERSION = 4.0;
				TARGETED_DEVICE_FAMILY = "1,2";
				VERSIONING_SYSTEM = "apple-generic";
				VERSION_INFO_PREFIX = "";
			};
			name = Release;
		};
		08E64B84202DD83000A59F41 /* Debug */ = {
			isa = XCBuildConfiguration;
			baseConfigurationReference = 220AFA9DE64D32EF2E2BD0A2 /* Pods-PacesKitTests.debug.xcconfig */;
			buildSettings = {
				ALWAYS_EMBED_SWIFT_STANDARD_LIBRARIES = YES;
				CODE_SIGN_STYLE = Automatic;
				DEVELOPMENT_TEAM = 5LNPS62N3V;
				INFOPLIST_FILE = PacesKitTests/Info.plist;
				LD_RUNPATH_SEARCH_PATHS = "$(inherited) @executable_path/Frameworks @loader_path/Frameworks";
				PRODUCT_BUNDLE_IDENTIFIER = com.codexbit.PacesKitTests;
				PRODUCT_NAME = "$(TARGET_NAME)";
				SWIFT_VERSION = 4.0;
				TARGETED_DEVICE_FAMILY = "1,2";
				TEST_HOST = "$(BUILT_PRODUCTS_DIR)/Paces.app/Paces";
			};
			name = Debug;
		};
		08E64B85202DD83000A59F41 /* Release */ = {
			isa = XCBuildConfiguration;
			baseConfigurationReference = 119460154047C98E38AE5449 /* Pods-PacesKitTests.release.xcconfig */;
			buildSettings = {
				ALWAYS_EMBED_SWIFT_STANDARD_LIBRARIES = YES;
				CODE_SIGN_STYLE = Automatic;
				DEVELOPMENT_TEAM = 5LNPS62N3V;
				INFOPLIST_FILE = PacesKitTests/Info.plist;
				LD_RUNPATH_SEARCH_PATHS = "$(inherited) @executable_path/Frameworks @loader_path/Frameworks";
				PRODUCT_BUNDLE_IDENTIFIER = com.codexbit.PacesKitTests;
				PRODUCT_NAME = "$(TARGET_NAME)";
				SWIFT_VERSION = 4.0;
				TARGETED_DEVICE_FAMILY = "1,2";
				TEST_HOST = "$(BUILT_PRODUCTS_DIR)/Paces.app/Paces";
			};
			name = Release;
		};
/* End XCBuildConfiguration section */

/* Begin XCConfigurationList section */
		08E64B20202DD3B900A59F41 /* Build configuration list for PBXProject "Paces" */ = {
			isa = XCConfigurationList;
			buildConfigurations = (
				08E64B40202DD3BA00A59F41 /* Debug */,
				08E64B41202DD3BA00A59F41 /* Release */,
			);
			defaultConfigurationIsVisible = 0;
			defaultConfigurationName = Release;
		};
		08E64B42202DD3BA00A59F41 /* Build configuration list for PBXNativeTarget "Paces" */ = {
			isa = XCConfigurationList;
			buildConfigurations = (
				08E64B43202DD3BA00A59F41 /* Debug */,
				08E64B44202DD3BA00A59F41 /* Release */,
			);
			defaultConfigurationIsVisible = 0;
			defaultConfigurationName = Release;
		};
		08E64B45202DD3BA00A59F41 /* Build configuration list for PBXNativeTarget "PacesTests" */ = {
			isa = XCConfigurationList;
			buildConfigurations = (
				08E64B46202DD3BA00A59F41 /* Debug */,
				08E64B47202DD3BA00A59F41 /* Release */,
			);
			defaultConfigurationIsVisible = 0;
			defaultConfigurationName = Release;
		};
		08E64B7F202DD83000A59F41 /* Build configuration list for PBXNativeTarget "PacesKit" */ = {
			isa = XCConfigurationList;
			buildConfigurations = (
				08E64B80202DD83000A59F41 /* Debug */,
				08E64B81202DD83000A59F41 /* Release */,
			);
			defaultConfigurationIsVisible = 0;
			defaultConfigurationName = Release;
		};
		08E64B83202DD83000A59F41 /* Build configuration list for PBXNativeTarget "PacesKitTests" */ = {
			isa = XCConfigurationList;
			buildConfigurations = (
				08E64B84202DD83000A59F41 /* Debug */,
				08E64B85202DD83000A59F41 /* Release */,
			);
			defaultConfigurationIsVisible = 0;
			defaultConfigurationName = Release;
		};
/* End XCConfigurationList section */
	};
	rootObject = 08E64B1D202DD3B900A59F41 /* Project object */;
}
